
Microsoft Visual Studio Solution File, Format Version 12.00
# Visual Studio Version 17
VisualStudioVersion = 17.0.31903.59
MinimumVisualStudioVersion = 10.0.40219.1
Project("{FAE04EC0-301F-11D3-BF4B-00C04F79EFBC}") = "HospitalAppointmentSystem.Domain", "Domain\HospitalAppointmentSystem.Domain.csproj", "{9A19103F-16F7-4668-BE54-9A1E7A4F7556}"
EndProject
Project("{FAE04EC0-301F-11D3-BF4B-00C04F79EFBC}") = "HospitalAppointmentSystem.Application", "Application\HospitalAppointmentSystem.Application.csproj", "{8A19103F-16F7-4668-BE54-9A1E7A4F7557}"
EndProject
Project("{FAE04EC0-301F-11D3-BF4B-00C04F79EFBC}") = "HospitalAppointmentSystem.Infrastructure", "Infrastructure\HospitalAppointmentSystem.Infrastructure.csproj", "{7A19103F-16F7-4668-BE54-9A1E7A4F7558}"
EndProject
Project("{FAE04EC0-301F-11D3-BF4B-00C04F79EFBC}") = "HospitalAppointmentSystem.API", "API\HospitalAppointmentSystem.API.csproj", "{6A19103F-16F7-4668-BE54-9A1E7A4F7559}"
EndProject
Global
	GlobalSection(SolutionConfigurationPlatforms) = preSolution
		Debug|Any CPU = Debug|Any CPU
		Release|Any CPU = Release|Any CPU
	EndGlobalSection
	GlobalSection(ProjectConfigurationPlatforms) = postSolution
		{9A19103F-16F7-4668-BE54-9A1E7A4F7556}.Debug|Any CPU.ActiveCfg = Debug|Any CPU
		{9A19103F-16F7-4668-BE54-9A1E7A4F7556}.Debug|Any CPU.Build.0 = Debug|Any CPU
		{9A19103F-16F7-4668-BE54-9A1E7A4F7556}.Release|Any CPU.ActiveCfg = Release|Any CPU
		{9A19103F-16F7-4668-BE54-9A1E7A4F7556}.Release|Any CPU.Build.0 = Release|Any CPU
		{8A19103F-16F7-4668-BE54-9A1E7A4F7557}.Debug|Any CPU.ActiveCfg = Debug|Any CPU
		{8A19103F-16F7-4668-BE54-9A1E7A4F7557}.Debug|Any CPU.Build.0 = Debug|Any CPU
		{8A19103F-16F7-4668-BE54-9A1E7A4F7557}.Release|Any CPU.ActiveCfg = Release|Any CPU
		{8A19103F-16F7-4668-BE54-9A1E7A4F7557}.Release|Any CPU.Build.0 = Release|Any CPU
		{7A19103F-16F7-4668-BE54-9A1E7A4F7558}.Debug|Any CPU.ActiveCfg = Debug|Any CPU
		{7A19103F-16F7-4668-BE54-9A1E7A4F7558}.Debug|Any CPU.Build.0 = Debug|Any CPU
		{7A19103F-16F7-4668-BE54-9A1E7A4F7558}.Release|Any CPU.ActiveCfg = Release|Any CPU
		{7A19103F-16F7-4668-BE54-9A1E7A4F7558}.Release|Any CPU.Build.0 = Release|Any CPU
		{6A19103F-16F7-4668-BE54-9A1E7A4F7559}.Debug|Any CPU.ActiveCfg = Debug|Any CPU
		{6A19103F-16F7-4668-BE54-9A1E7A4F7559}.Debug|Any CPU.Build.0 = Debug|Any CPU
		{6A19103F-16F7-4668-BE54-9A1E7A4F7559}.Release|Any CPU.ActiveCfg = Release|Any CPU
		{6A19103F-16F7-4668-BE54-9A1E7A4F7559}.Release|Any CPU.Build.0 = Release|Any CPU
	EndGlobalSection
	GlobalSection(SolutionProperties) = preSolution
		HideSolutionNode = FALSE
	EndGlobalSection
EndGlobal
